
Microsoft Visual Studio Solution File, Format Version 12.00
Project("{FAE04EC0-301F-11D3-BF4B-00C04F79EFBC}") = "Client.Console", "Client.Console\Client.Console.csproj", "{6291C56D-134F-4D9E-BEC0-B51E04BE5490}"
EndProject
Global
	GlobalSection(SolutionConfigurationPlatforms) = preSolution
		Debug|Any CPU = Debug|Any CPU
		Release|Any CPU = Release|Any CPU
	EndGlobalSection
	GlobalSection(ProjectConfigurationPlatforms) = postSolution
		{6291C56D-134F-4D9E-BEC0-B51E04BE5490}.Debug|Any CPU.ActiveCfg = Debug|Any CPU
		{6291C56D-134F-4D9E-BEC0-B51E04BE5490}.Debug|Any CPU.Build.0 = Debug|Any CPU
		{6291C56D-134F-4D9E-BEC0-B51E04BE5490}.Release|Any CPU.ActiveCfg = Release|Any CPU
		{6291C56D-134F-4D9E-BEC0-B51E04BE5490}.Release|Any CPU.Build.0 = Release|Any CPU
	EndGlobalSection
EndGlobal
