
Microsoft Visual Studio Solution File, Format Version 12.00
Project("{FAE04EC0-301F-11D3-BF4B-00C04F79EFBC}") = "SmartSchoolControl.Server.Backend", "SmartSchoolControl.Server.Backend\SmartSchoolControl.Server.Backend.csproj", "{9322E9B5-73B1-4D17-A52E-95BBC553824A}"
EndProject
Project("{FAE04EC0-301F-11D3-BF4B-00C04F79EFBC}") = "SmartSchoolControl.Server.Db", "SmartSchoolControl.Server.Db\SmartSchoolControl.Server.Db.csproj", "{AA25DA4B-C7F4-4807-836E-5FBCAE9C1CFA}"
EndProject
Project("{FAE04EC0-301F-11D3-BF4B-00C04F79EFBC}") = "SmartSchoolControl.Common.Base", "SmartSchoolControl.Common.Base\SmartSchoolControl.Common.Base.csproj", "{6FA49DDA-85E0-4D77-8E10-51E450EBEF56}"
EndProject
Global
	GlobalSection(SolutionConfigurationPlatforms) = preSolution
		Debug|Any CPU = Debug|Any CPU
		Release|Any CPU = Release|Any CPU
	EndGlobalSection
	GlobalSection(ProjectConfigurationPlatforms) = postSolution
		{9322E9B5-73B1-4D17-A52E-95BBC553824A}.Debug|Any CPU.ActiveCfg = Debug|Any CPU
		{9322E9B5-73B1-4D17-A52E-95BBC553824A}.Debug|Any CPU.Build.0 = Debug|Any CPU
		{9322E9B5-73B1-4D17-A52E-95BBC553824A}.Release|Any CPU.ActiveCfg = Release|Any CPU
		{9322E9B5-73B1-4D17-A52E-95BBC553824A}.Release|Any CPU.Build.0 = Release|Any CPU
		{AA25DA4B-C7F4-4807-836E-5FBCAE9C1CFA}.Debug|Any CPU.ActiveCfg = Debug|Any CPU
		{AA25DA4B-C7F4-4807-836E-5FBCAE9C1CFA}.Debug|Any CPU.Build.0 = Debug|Any CPU
		{AA25DA4B-C7F4-4807-836E-5FBCAE9C1CFA}.Release|Any CPU.ActiveCfg = Release|Any CPU
		{AA25DA4B-C7F4-4807-836E-5FBCAE9C1CFA}.Release|Any CPU.Build.0 = Release|Any CPU
		{6FA49DDA-85E0-4D77-8E10-51E450EBEF56}.Debug|Any CPU.ActiveCfg = Debug|Any CPU
		{6FA49DDA-85E0-4D77-8E10-51E450EBEF56}.Debug|Any CPU.Build.0 = Debug|Any CPU
		{6FA49DDA-85E0-4D77-8E10-51E450EBEF56}.Release|Any CPU.ActiveCfg = Release|Any CPU
		{6FA49DDA-85E0-4D77-8E10-51E450EBEF56}.Release|Any CPU.Build.0 = Release|Any CPU
	EndGlobalSection
EndGlobal
